{
  "name": "qtex",
  "version": "1.1.17",
  "lockfileVersion": 3,
  "requires": true,
  "packages": {
    "": {
      "name": "qtex",
      "version": "1.1.17",
      "license": "SEE LICENSE IN LICENSE",
      "bin": {
        "qtex": "index.js"
      },
      "engines": {
        "node": ">=18"
      }
    }
  }
}
